
Microsoft Visual Studio Solution File, Format Version 12.00
# Visual Studio Version 17
VisualStudioVersion = 17.5.33209.295
MinimumVisualStudioVersion = 10.0.40219.1
Project("{9A19103F-16F7-4668-BE54-9A1E7A4F7556}") = "Basic Stack Operations", "Stacks and Queues Exercise\Basic Stack Operations.csproj", "{B3312844-6A5D-4511-9AA1-069017AE1A4F}"
EndProject
Project("{9A19103F-16F7-4668-BE54-9A1E7A4F7556}") = "Basic Queue Operations", "Basic Queue Operations\Basic Queue Operations.csproj", "{F5DA4692-CE7E-4053-BAC8-EDC96480A954}"
EndProject
Project("{9A19103F-16F7-4668-BE54-9A1E7A4F7556}") = "Maximum and minimum element", "Maximum and minimum element\Maximum and minimum element.csproj", "{5794B3AE-CD3F-4033-99C5-CF2E3E3DFB77}"
EndProject
Project("{9A19103F-16F7-4668-BE54-9A1E7A4F7556}") = "Fast Food", "Fast Food\Fast Food.csproj", "{F2A99F23-8589-4653-94AE-FD824344593D}"
EndProject
Project("{9A19103F-16F7-4668-BE54-9A1E7A4F7556}") = "Balanced Parentheses", "Balanced Parentheses\Balanced Parentheses.csproj", "{5F04343C-3466-4E56-A5DF-8D9001633D11}"
EndProject
Project("{9A19103F-16F7-4668-BE54-9A1E7A4F7556}") = "Songs Queue", "Songs Queue\Songs Queue.csproj", "{02B6B3D3-5B7A-4E67-BBDD-CAB69CA6CC7A}"
EndProject
Project("{9A19103F-16F7-4668-BE54-9A1E7A4F7556}") = "5. Fashion Boutique", "5. Fashion Boutique\5. Fashion Boutique.csproj", "{B18EB0FC-FB62-4532-86DB-1C3B9CE691C4}"
EndProject
Global
	GlobalSection(SolutionConfigurationPlatforms) = preSolution
		Debug|Any CPU = Debug|Any CPU
		Release|Any CPU = Release|Any CPU
	EndGlobalSection
	GlobalSection(ProjectConfigurationPlatforms) = postSolution
		{B3312844-6A5D-4511-9AA1-069017AE1A4F}.Debug|Any CPU.ActiveCfg = Debug|Any CPU
		{B3312844-6A5D-4511-9AA1-069017AE1A4F}.Debug|Any CPU.Build.0 = Debug|Any CPU
		{B3312844-6A5D-4511-9AA1-069017AE1A4F}.Release|Any CPU.ActiveCfg = Release|Any CPU
		{B3312844-6A5D-4511-9AA1-069017AE1A4F}.Release|Any CPU.Build.0 = Release|Any CPU
		{F5DA4692-CE7E-4053-BAC8-EDC96480A954}.Debug|Any CPU.ActiveCfg = Debug|Any CPU
		{F5DA4692-CE7E-4053-BAC8-EDC96480A954}.Debug|Any CPU.Build.0 = Debug|Any CPU
		{F5DA4692-CE7E-4053-BAC8-EDC96480A954}.Release|Any CPU.ActiveCfg = Release|Any CPU
		{F5DA4692-CE7E-4053-BAC8-EDC96480A954}.Release|Any CPU.Build.0 = Release|Any CPU
		{5794B3AE-CD3F-4033-99C5-CF2E3E3DFB77}.Debug|Any CPU.ActiveCfg = Debug|Any CPU
		{5794B3AE-CD3F-4033-99C5-CF2E3E3DFB77}.Debug|Any CPU.Build.0 = Debug|Any CPU
		{5794B3AE-CD3F-4033-99C5-CF2E3E3DFB77}.Release|Any CPU.ActiveCfg = Release|Any CPU
		{5794B3AE-CD3F-4033-99C5-CF2E3E3DFB77}.Release|Any CPU.Build.0 = Release|Any CPU
		{F2A99F23-8589-4653-94AE-FD824344593D}.Debug|Any CPU.ActiveCfg = Debug|Any CPU
		{F2A99F23-8589-4653-94AE-FD824344593D}.Debug|Any CPU.Build.0 = Debug|Any CPU
		{F2A99F23-8589-4653-94AE-FD824344593D}.Release|Any CPU.ActiveCfg = Release|Any CPU
		{F2A99F23-8589-4653-94AE-FD824344593D}.Release|Any CPU.Build.0 = Release|Any CPU
		{5F04343C-3466-4E56-A5DF-8D9001633D11}.Debug|Any CPU.ActiveCfg = Debug|Any CPU
		{5F04343C-3466-4E56-A5DF-8D9001633D11}.Debug|Any CPU.Build.0 = Debug|Any CPU
		{5F04343C-3466-4E56-A5DF-8D9001633D11}.Release|Any CPU.ActiveCfg = Release|Any CPU
		{5F04343C-3466-4E56-A5DF-8D9001633D11}.Release|Any CPU.Build.0 = Release|Any CPU
		{02B6B3D3-5B7A-4E67-BBDD-CAB69CA6CC7A}.Debug|Any CPU.ActiveCfg = Debug|Any CPU
		{02B6B3D3-5B7A-4E67-BBDD-CAB69CA6CC7A}.Debug|Any CPU.Build.0 = Debug|Any CPU
		{02B6B3D3-5B7A-4E67-BBDD-CAB69CA6CC7A}.Release|Any CPU.ActiveCfg = Release|Any CPU
		{02B6B3D3-5B7A-4E67-BBDD-CAB69CA6CC7A}.Release|Any CPU.Build.0 = Release|Any CPU
		{B18EB0FC-FB62-4532-86DB-1C3B9CE691C4}.Debug|Any CPU.ActiveCfg = Debug|Any CPU
		{B18EB0FC-FB62-4532-86DB-1C3B9CE691C4}.Debug|Any CPU.Build.0 = Debug|Any CPU
		{B18EB0FC-FB62-4532-86DB-1C3B9CE691C4}.Release|Any CPU.ActiveCfg = Release|Any CPU
		{B18EB0FC-FB62-4532-86DB-1C3B9CE691C4}.Release|Any CPU.Build.0 = Release|Any CPU
	EndGlobalSection
	GlobalSection(SolutionProperties) = preSolution
		HideSolutionNode = FALSE
	EndGlobalSection
	GlobalSection(ExtensibilityGlobals) = postSolution
		SolutionGuid = {F2BAE7D1-B11F-41B4-A9CC-0F79CD5F6494}
	EndGlobalSection
EndGlobal
